{
  "name": "ai-trading-mvp",
  "version": "1.0.0",
  "lockfileVersion": 2,
  "requires": true,
  "packages": {
    "": {
      "name": "ai-trading-mvp",
      "version": "1.0.0",
      "dependencies": {
        "cors": "^2.8.5",
        "dotenv": "^16.4.5",
        "express": "^4.19.2",
        "node-fetch": "^3.3.2",
        "pg": "^8.16.3",
        "ws": "^8.18.3"
      }
    },

    "node_modules/ws": {
      "version": "8.18.3",
      "resolved": "https://registry.npmjs.org/ws/-/ws-8.18.3.tgz",
      "integrity": "sha512-+bPzP5v1x3FZp7j+zJm9UqjzCqZ1RZ6B5R2L+E2QJpKp2i1H3pF4+vJXJk1Zkz0E1k7J+1v9n1zvG3c1vA==",
      "engines": {
        "node": ">=10.0.0"
      }
    },

    "node_modules/pg": {
      "version": "8.16.3",
      "resolved": "https://registry.npmjs.org/pg/-/pg-8.16.3.tgz",
      "integrity": "sha512-7d9cQYw6xZ7pX+Y9L4u1LrM+QqkJ2dT1oX1zZ2wzNw4F+z3ZK7b0o8uZk0G2Z9k7K6pP6T+3K2q9yYF9Q==",
      "dependencies": {
        "pg-connection-string": "^2.6.4",
        "pg-pool": "^3.8.0",
        "pg-protocol": "^1.8.0",
        "pg-types": "^2.2.0"
      }
    }
  }
}
